<?xml version="1.0" encoding="utf-8"?>
<Project ToolsVersion="4.0" xmlns="http://schemas.microsoft.com/developer/msbuild/2003">
  <ItemGroup>
    <ClCompile Include="src\Anaylzer.cpp">
      <Filter>Source Files</Filter>
    </ClCompile>
    <ClCompile Include="src\QualityAnalysis.cpp">
      <Filter>Source Files</Filter>
    </ClCompile>
    <ClCompile Include="src\MeshQualityData.cpp">
      <Filter>Source Files</Filter>
    </ClCompile>
  </ItemGroup>
  <ItemGroup>
    <ClInclude Include="headers\Anaylzer.h">
      <Filter>Header Files</Filter>
    </ClInclude>
    <ClInclude Include="headers\QualityAnalysis.h">
      <Filter>Header Files</Filter>
    </ClInclude>
    <ClInclude Include="headers\MeshQualityData.h">
      <Filter>Header Files</Filter>
    </ClInclude>
  </ItemGroup>
  <ItemGroup>
    <Filter Include="Header Files">
      <UniqueIdentifier>{e532f536-f237-4850-a877-f0ba2582674b}</UniqueIdentifier>
    </Filter>
    <Filter Include="Source Files">
      <UniqueIdentifier>{b46b7bb5-1ed3-440e-a0e0-dfeec41088bd}</UniqueIdentifier>
    </Filter>
  </ItemGroup>
</Project>